
Microsoft Visual Studio Solution File, Format Version 12.00
# Visual Studio Version 17
VisualStudioVersion = 17.3.32819.101
MinimumVisualStudioVersion = 10.0.40219.1
Project("{FAE04EC0-301F-11D3-BF4B-00C04F79EFBC}") = "ProjektManager", "ProjektManager\ProjektManager.csproj", "{3826D490-07C2-4BBE-91FC-05B80835EB01}"
EndProject
Global
	GlobalSection(SolutionConfigurationPlatforms) = preSolution
		Debug|Any CPU = Debug|Any CPU
		Release|Any CPU = Release|Any CPU
	EndGlobalSection
	GlobalSection(ProjectConfigurationPlatforms) = postSolution
		{3826D490-07C2-4BBE-91FC-05B80835EB01}.Debug|Any CPU.ActiveCfg = Debug|Any CPU
		{3826D490-07C2-4BBE-91FC-05B80835EB01}.Debug|Any CPU.Build.0 = Debug|Any CPU
		{3826D490-07C2-4BBE-91FC-05B80835EB01}.Release|Any CPU.ActiveCfg = Release|Any CPU
		{3826D490-07C2-4BBE-91FC-05B80835EB01}.Release|Any CPU.Build.0 = Release|Any CPU
	EndGlobalSection
	GlobalSection(SolutionProperties) = preSolution
		HideSolutionNode = FALSE
	EndGlobalSection
	GlobalSection(ExtensibilityGlobals) = postSolution
		SolutionGuid = {0EA97339-28C2-4483-881B-C148723150D1}
	EndGlobalSection
EndGlobal
